version = 1
revision = 3
requires-python = "==3.12.*"

[[package]]
name = "cffi"
version = "2.1.0"
source = { registry = "https://pypi.org/simple" }
dependencies = [
    { name = "pycparser", marker = "implementation_name != 'PyPy'" },
]
sdist = { url = "https://files.pythonhosted.org/packages/57/5f/ff100cae70ebe9d8df1c01a00e510e45d9adb5c1fdda84791b199141de97/cffi-2.1.0.tar.gz", hash = "sha256:efc1cdd798b1aaf39b4610bba7aad28c9bea9b910f25c784ccf9ec1fa719d1f9", size = 531036, upload-time = "2026-07-06T21:34:30.382Z" }
wheels = [
    { url = "https://files.pythonhosted.org/packages/1e/85/990925db5df586ec90beb97529c853497e7f85ba0234830447faf41c3057/cffi-2.1.0-cp312-cp312-macosx_10_15_x86_64.whl", hash = "sha256:df2b82571a1b30f58a87bf4e5a9e78d2b1eff6c6ce8fd3aa3757221f93f0863f", size = 184829, upload-time = "2026-07-06T21:32:44.324Z" },
    { url = "https://files.pythonhosted.org/packages/4b/92/e7bb136ad6b5352603732cf907ef862ca103f20f2031c1735a46300c20c9/cffi-2.1.0-cp312-cp312-macosx_11_0_arm64.whl", hash = "sha256:78474632761faa0fb96f30b1c928c84ebcf68713cbb80d15bab09dfe61640fde", size = 184728, upload-time = "2026-07-06T21:32:45.683Z" },
    { url = "https://files.pythonhosted.org/packages/c3/c0/d1ec30ffb370f748f2fb54425972bfef9871e0132e82fb589c46b6676049/cffi-2.1.0-cp312-cp312-manylinux1_i686.manylinux2014_i686.manylinux_2_17_i686.manylinux_2_5_i686.whl", hash = "sha256:5972433ad71a9e46516584ef60a0fda12d9dc459938d1539c3ddecf9bdc1368d", size = 214815, upload-time = "2026-07-06T21:32:48.557Z" },
    { url = "https://files.pythonhosted.org/packages/1b/dc/5620cf930688be01f2d673804291de757a934c90b946dbdc3d84130c2ea4/cffi-2.1.0-cp312-cp312-manylinux2014_aarch64.manylinux_2_17_aarch64.whl", hash = "sha256:b6422532152adf4e59b110cb2808cee7a033800952f5c036b4af047ee43199e7", size = 222429, upload-time = "2026-07-06T21:32:49.848Z" },
    { url = "https://files.pythonhosted.org/packages/4b/a4/77b53abbf7a1e0beb9637edbef2a94d15f9c822f591e85d439ffd91519a6/cffi-2.1.0-cp312-cp312-manylinux2014_ppc64le.manylinux_2_17_ppc64le.whl", hash = "sha256:46b1c8db8f6122420f32d02fffb924c2fe9bc772d228c7c711748fff56aabb2b", size = 210315, upload-time = "2026-07-06T21:32:51.221Z" },
    { url = "https://files.pythonhosted.org/packages/58/0c/f528df19cc94b675087324d4760d9e6d5bfae97d6217aa4fac43de4f5fcc/cffi-2.1.0-cp312-cp312-manylinux2014_s390x.manylinux_2_17_s390x.whl", hash = "sha256:d9fafc5aa2e2a39aaf7f8cc0c1f044a9b07fca12e558dca53a3cc5c654ad67a7", size = 208859, upload-time = "2026-07-06T21:32:52.512Z" },
    { url = "https://files.pythonhosted.org/packages/62/f2/c9522a81c32132799a1972c39f5c5f8b4c8b9f00488a23feaa6c06f07741/cffi-2.1.0-cp312-cp312-manylinux2014_x86_64.manylinux_2_17_x86_64.whl", hash = "sha256:1e9f50d192a3e525b15a75ab5114e442d83d657b7ec29182a991bc9a88fd3a66", size = 221844, upload-time = "2026-07-06T21:32:53.704Z" },
    { url = "https://files.pythonhosted.org/packages/6e/28/bd53988b9833e8f8ad539d26f4c07a6b3f6bcb1e9e02e7ca038250b3428d/cffi-2.1.0-cp312-cp312-musllinux_1_2_aarch64.whl", hash = "sha256:98fff996e983a36d3aa2eca83af40c5821202e7e6f32d13ae94e3d2286f10cfe", size = 225287, upload-time = "2026-07-06T21:32:54.907Z" },
    { url = "https://files.pythonhosted.org/packages/79/99/0d0fd37f055224085f42bbb2c022d002e17dde4a97972822327b07d84101/cffi-2.1.0-cp312-cp312-musllinux_1_2_x86_64.whl", hash = "sha256:379de10ce1ba048b1448599d1b37b24caee16309d1ac98d3982fc997f768700b", size = 223681, upload-time = "2026-07-06T21:32:56.329Z" },
    { url = "https://files.pythonhosted.org/packages/b0/80/c138990aa2a70b1a269f6e06348729836d733d6f970867943f61d367f8cc/cffi-2.1.0-cp312-cp312-win32.whl", hash = "sha256:9b8f0f26ca4e7513c534d351eca551947d053fac438f2a04ac96d882909b0d3a", size = 175269, upload-time = "2026-07-06T21:32:57.777Z" },
    { url = "https://files.pythonhosted.org/packages/a8/eb/f636456ff21a83fc13c032b58cc5dde061691546ac79efa284b2989b7982/cffi-2.1.0-cp312-cp312-win_amd64.whl", hash = "sha256:c97f080ea627e2863524c5af3836e2270b5f5dfff1f104392b959f8df0c5d384", size = 185881, upload-time = "2026-07-06T21:32:59.253Z" },
    { url = "https://files.pythonhosted.org/packages/dd/2c/400ea43e721727dca8a65c4521390e9196757caba4a45643acb2b63271b8/cffi-2.1.0-cp312-cp312-win_arm64.whl", hash = "sha256:6d194185eabd279f1c05ebe3504265ddfc5ad2b58d0714f7db9f01da592e9eb6", size = 180088, upload-time = "2026-07-06T21:33:02.278Z" },
]

[[package]]
name = "cryptography"
version = "45.0.5"
source = { registry = "https://pypi.org/simple" }
dependencies = [
    { name = "cffi", marker = "platform_python_implementation != 'PyPy'" },
]
sdist = { url = "https://files.pythonhosted.org/packages/95/1e/49527ac611af559665f71cbb8f92b332b5ec9c6fbc4e88b0f8e92f5e85df/cryptography-45.0.5.tar.gz", hash = "sha256:72e76caa004ab63accdf26023fccd1d087f6d90ec6048ff33ad0445abf7f605a", size = 744903, upload-time = "2025-07-02T13:06:25.941Z" }
wheels = [
    { url = "https://files.pythonhosted.org/packages/f0/fb/09e28bc0c46d2c547085e60897fea96310574c70fb21cd58a730a45f3403/cryptography-45.0.5-cp311-abi3-macosx_10_9_universal2.whl", hash = "sha256:101ee65078f6dd3e5a028d4f19c07ffa4dd22cce6a20eaa160f8b5219911e7d8", size = 7043092, upload-time = "2025-07-02T13:05:01.514Z" },
    { url = "https://files.pythonhosted.org/packages/b1/05/2194432935e29b91fb649f6149c1a4f9e6d3d9fc880919f4ad1bcc22641e/cryptography-45.0.5-cp311-abi3-manylinux2014_aarch64.manylinux_2_17_aarch64.whl", hash = "sha256:3a264aae5f7fbb089dbc01e0242d3b67dffe3e6292e1f5182122bdf58e65215d", size = 4205926, upload-time = "2025-07-02T13:05:04.741Z" },
    { url = "https://files.pythonhosted.org/packages/07/8b/9ef5da82350175e32de245646b1884fc01124f53eb31164c77f95a08d682/cryptography-45.0.5-cp311-abi3-manylinux2014_x86_64.manylinux_2_17_x86_64.whl", hash = "sha256:e74d30ec9c7cb2f404af331d5b4099a9b322a8a6b25c4632755c8757345baac5", size = 4429235, upload-time = "2025-07-02T13:05:07.084Z" },
    { url = "https://files.pythonhosted.org/packages/7c/e1/c809f398adde1994ee53438912192d92a1d0fc0f2d7582659d9ef4c28b0c/cryptography-45.0.5-cp311-abi3-manylinux_2_28_aarch64.whl", hash = "sha256:3af26738f2db354aafe492fb3869e955b12b2ef2e16908c8b9cb928128d42c57", size = 4209785, upload-time = "2025-07-02T13:05:09.321Z" },
    { url = "https://files.pythonhosted.org/packages/d0/8b/07eb6bd5acff58406c5e806eff34a124936f41a4fb52909ffa4d00815f8c/cryptography-45.0.5-cp311-abi3-manylinux_2_28_armv7l.manylinux_2_31_armv7l.whl", hash = "sha256:e6c00130ed423201c5bc5544c23359141660b07999ad82e34e7bb8f882bb78e0", size = 3893050, upload-time = "2025-07-02T13:05:11.069Z" },
    { url = "https://files.pythonhosted.org/packages/ec/ef/3333295ed58d900a13c92806b67e62f27876845a9a908c939f040887cca9/cryptography-45.0.5-cp311-abi3-manylinux_2_28_x86_64.whl", hash = "sha256:dd420e577921c8c2d31289536c386aaa30140b473835e97f83bc71ea9d2baf2d", size = 4457379, upload-time = "2025-07-02T13:05:13.32Z" },
    { url = "https://files.pythonhosted.org/packages/d9/9d/44080674dee514dbb82b21d6fa5d1055368f208304e2ab1828d85c9de8f4/cryptography-45.0.5-cp311-abi3-manylinux_2_34_aarch64.whl", hash = "sha256:d05a38884db2ba215218745f0781775806bde4f32e07b135348355fe8e4991d9", size = 4209355, upload-time = "2025-07-02T13:05:15.017Z" },
    { url = "https://files.pythonhosted.org/packages/c9/d8/0749f7d39f53f8258e5c18a93131919ac465ee1f9dccaf1b3f420235e0b5/cryptography-45.0.5-cp311-abi3-manylinux_2_34_x86_64.whl", hash = "sha256:ad0caded895a00261a5b4aa9af828baede54638754b51955a0ac75576b831b27", size = 4456087, upload-time = "2025-07-02T13:05:16.945Z" },
    { url = "https://files.pythonhosted.org/packages/09/d7/92acac187387bf08902b0bf0699816f08553927bdd6ba3654da0010289b4/cryptography-45.0.5-cp311-abi3-musllinux_1_2_aarch64.whl", hash = "sha256:9024beb59aca9d31d36fcdc1604dd9bbeed0a55bface9f1908df19178e2f116e", size = 4332873, upload-time = "2025-07-02T13:05:18.743Z" },
    { url = "https://files.pythonhosted.org/packages/03/c2/840e0710da5106a7c3d4153c7215b2736151bba60bf4491bdb421df5056d/cryptography-45.0.5-cp311-abi3-musllinux_1_2_x86_64.whl", hash = "sha256:91098f02ca81579c85f66df8a588c78f331ca19089763d733e34ad359f474174", size = 4564651, upload-time = "2025-07-02T13:05:21.382Z" },
    { url = "https://files.pythonhosted.org/packages/2e/92/cc723dd6d71e9747a887b94eb3827825c6c24b9e6ce2bb33b847d31d5eaa/cryptography-45.0.5-cp311-abi3-win32.whl", hash = "sha256:926c3ea71a6043921050eaa639137e13dbe7b4ab25800932a8498364fc1abec9", size = 2929050, upload-time = "2025-07-02T13:05:23.39Z" },
    { url = "https://files.pythonhosted.org/packages/1f/10/197da38a5911a48dd5389c043de4aec4b3c94cb836299b01253940788d78/cryptography-45.0.5-cp311-abi3-win_amd64.whl", hash = "sha256:b85980d1e345fe769cfc57c57db2b59cff5464ee0c045d52c0df087e926fbe63", size = 3403224, upload-time = "2025-07-02T13:05:25.202Z" },
    { url = "https://files.pythonhosted.org/packages/fe/2b/160ce8c2765e7a481ce57d55eba1546148583e7b6f85514472b1d151711d/cryptography-45.0.5-cp37-abi3-macosx_10_9_universal2.whl", hash = "sha256:f3562c2f23c612f2e4a6964a61d942f891d29ee320edb62ff48ffb99f3de9ae8", size = 7017143, upload-time = "2025-07-02T13:05:27.229Z" },
    { url = "https://files.pythonhosted.org/packages/c2/e7/2187be2f871c0221a81f55ee3105d3cf3e273c0a0853651d7011eada0d7e/cryptography-45.0.5-cp37-abi3-manylinux2014_aarch64.manylinux_2_17_aarch64.whl", hash = "sha256:3fcfbefc4a7f332dece7272a88e410f611e79458fab97b5efe14e54fe476f4fd", size = 4197780, upload-time = "2025-07-02T13:05:29.299Z" },
    { url = "https://files.pythonhosted.org/packages/b9/cf/84210c447c06104e6be9122661159ad4ce7a8190011669afceeaea150524/cryptography-45.0.5-cp37-abi3-manylinux2014_x86_64.manylinux_2_17_x86_64.whl", hash = "sha256:460f8c39ba66af7db0545a8c6f2eabcbc5a5528fc1cf6c3fa9a1e44cec33385e", size = 4420091, upload-time = "2025-07-02T13:05:31.221Z" },
    { url = "https://files.pythonhosted.org/packages/3e/6a/cb8b5c8bb82fafffa23aeff8d3a39822593cee6e2f16c5ca5c2ecca344f7/cryptography-45.0.5-cp37-abi3-manylinux_2_28_aarch64.whl", hash = "sha256:9b4cf6318915dccfe218e69bbec417fdd7c7185aa7aab139a2c0beb7468c89f0", size = 4198711, upload-time = "2025-07-02T13:05:33.062Z" },
    { url = "https://files.pythonhosted.org/packages/04/f7/36d2d69df69c94cbb2473871926daf0f01ad8e00fe3986ac3c1e8c4ca4b3/cryptography-45.0.5-cp37-abi3-manylinux_2_28_armv7l.manylinux_2_31_armv7l.whl", hash = "sha256:2089cc8f70a6e454601525e5bf2779e665d7865af002a5dec8d14e561002e135", size = 3883299, upload-time = "2025-07-02T13:05:34.94Z" },
    { url = "https://files.pythonhosted.org/packages/82/c7/f0ea40f016de72f81288e9fe8d1f6748036cb5ba6118774317a3ffc6022d/cryptography-45.0.5-cp37-abi3-manylinux_2_28_x86_64.whl", hash = "sha256:0027d566d65a38497bc37e0dd7c2f8ceda73597d2ac9ba93810204f56f52ebc7", size = 4450558, upload-time = "2025-07-02T13:05:37.288Z" },
    { url = "https://files.pythonhosted.org/packages/06/ae/94b504dc1a3cdf642d710407c62e86296f7da9e66f27ab12a1ee6fdf005b/cryptography-45.0.5-cp37-abi3-manylinux_2_34_aarch64.whl", hash = "sha256:be97d3a19c16a9be00edf79dca949c8fa7eff621763666a145f9f9535a5d7f42", size = 4198020, upload-time = "2025-07-02T13:05:39.102Z" },
    { url = "https://files.pythonhosted.org/packages/05/2b/aaf0adb845d5dabb43480f18f7ca72e94f92c280aa983ddbd0bcd6ecd037/cryptography-45.0.5-cp37-abi3-manylinux_2_34_x86_64.whl", hash = "sha256:7760c1c2e1a7084153a0f68fab76e754083b126a47d0117c9ed15e69e2103492", size = 4449759, upload-time = "2025-07-02T13:05:41.398Z" },
    { url = "https://files.pythonhosted.org/packages/91/e4/f17e02066de63e0100a3a01b56f8f1016973a1d67551beaf585157a86b3f/cryptography-45.0.5-cp37-abi3-musllinux_1_2_aarch64.whl", hash = "sha256:6ff8728d8d890b3dda5765276d1bc6fb099252915a2cd3aff960c4c195745dd0", size = 4319991, upload-time = "2025-07-02T13:05:43.64Z" },
    { url = "https://files.pythonhosted.org/packages/f2/2e/e2dbd629481b499b14516eed933f3276eb3239f7cee2dcfa4ee6b44d4711/cryptography-45.0.5-cp37-abi3-musllinux_1_2_x86_64.whl", hash = "sha256:7259038202a47fdecee7e62e0fd0b0738b6daa335354396c6ddebdbe1206af2a", size = 4554189, upload-time = "2025-07-02T13:05:46.045Z" },
    { url = "https://files.pythonhosted.org/packages/f8/ea/a78a0c38f4c8736287b71c2ea3799d173d5ce778c7d6e3c163a95a05ad2a/cryptography-45.0.5-cp37-abi3-win32.whl", hash = "sha256:1e1da5accc0c750056c556a93c3e9cb828970206c68867712ca5805e46dc806f", size = 2911769, upload-time = "2025-07-02T13:05:48.329Z" },
    { url = "https://files.pythonhosted.org/packages/79/b3/28ac139109d9005ad3f6b6f8976ffede6706a6478e21c889ce36c840918e/cryptography-45.0.5-cp37-abi3-win_amd64.whl", hash = "sha256:90cb0a7bb35959f37e23303b7eed0a32280510030daba3f7fdfbb65defde6a97", size = 3390016, upload-time = "2025-07-02T13:05:50.811Z" },
]

[[package]]
name = "dramatiq"
version = "1.18.0"
source = { registry = "https://pypi.org/simple" }
dependencies = [
    { name = "prometheus-client" },
]
sdist = { url = "https://files.pythonhosted.org/packages/d9/9f/c8be928a88c387ed27344de089278e76d893dc71ad9e4b2a39a61deab0d8/dramatiq-1.18.0.tar.gz", hash = "sha256:5ea436b6e50dae64d4de04f1eb519ad239a6b1ba6315ba1dce1c0c4c1ebedfaf", size = 100868, upload-time = "2025-05-30T12:00:31.913Z" }
wheels = [
    { url = "https://files.pythonhosted.org/packages/ac/00/d9ea755cdeda3d498504775b62122b72ba282b91446fd58980171fb1084c/dramatiq-1.18.0-py3-none-any.whl", hash = "sha256:d360f608aa3cd06f5db714bfcd23825dc7098bacfee52aca536b0bb0faae3c69", size = 121231, upload-time = "2025-05-30T12:00:30.199Z" },
]

[package.optional-dependencies]
redis = [
    { name = "redis" },
]

[[package]]
name = "geo-browser-capture-worker"
version = "0.1.0"
source = { virtual = "." }
dependencies = [
    { name = "cryptography" },
    { name = "dramatiq", extra = ["redis"] },
    { name = "geo-core" },
    { name = "playwright" },
    { name = "psycopg", extra = ["binary"] },
]

[package.metadata]
requires-dist = [
    { name = "cryptography", specifier = "==45.0.5" },
    { name = "dramatiq", extras = ["redis"], specifier = "==1.18.0" },
    { name = "geo-core", editable = "../../packages/geo_core" },
    { name = "playwright", specifier = "==1.60.0" },
    { name = "psycopg", extras = ["binary"], specifier = "==3.3.4" },
]

[[package]]
name = "geo-core"
version = "0.1.0"
source = { editable = "../../packages/geo_core" }

[[package]]
name = "greenlet"
version = "3.5.4"
source = { registry = "https://pypi.org/simple" }
sdist = { url = "https://files.pythonhosted.org/packages/a3/74/b13368064b09053253555d3f2839cc2684d22d5aed0d2ccffbf7a6736558/greenlet-3.5.4.tar.gz", hash = "sha256:0232ae1de90a8e07867bb127d7a6ba2301e859145489f25cda8a6096dabe1d20", size = 206538, upload-time = "2026-07-22T12:47:14.468Z" }
wheels = [
    { url = "https://files.pythonhosted.org/packages/f3/04/81bd731d6d1e3a469d9a4c36f5eb069bcf0cbb2d5d342c9fec22245b91fc/greenlet-3.5.4-cp312-cp312-macosx_11_0_universal2.whl", hash = "sha256:3d66250e8b09f182ede05490998c818b5961f7a3640332d44c4927caec7bbfe4", size = 295909, upload-time = "2026-07-22T11:38:09.261Z" },
    { url = "https://files.pythonhosted.org/packages/cc/dd/f5f22903a6ae70f5ea328ed0beaec92ad903f0e3b7d2845133b354abc4b8/greenlet-3.5.4-cp312-cp312-manylinux_2_24_aarch64.manylinux_2_28_aarch64.whl", hash = "sha256:c90e930c9c192e5b3ee9fb8bcd920ea3926155e2e3ded39fc697323addecee17", size = 612011, upload-time = "2026-07-22T12:26:40.69Z" },
    { url = "https://files.pythonhosted.org/packages/8e/10/92a4a88d12b915d74ea5b6d288e4afefda4771647caa34442c156f7a454f/greenlet-3.5.4-cp312-cp312-manylinux_2_24_ppc64le.manylinux_2_28_ppc64le.whl", hash = "sha256:791fdfeeb9c6e0c7b10fa151bf110d2a6974866f13dcb5b1c7efae698245893a", size = 624299, upload-time = "2026-07-22T12:29:02.089Z" },
    { url = "https://files.pythonhosted.org/packages/6c/f9/03e26be3487c5238e81f2b84714959a86ea8515a869828cf41f4fc54b34e/greenlet-3.5.4-cp312-cp312-manylinux_2_24_s390x.manylinux_2_28_s390x.whl", hash = "sha256:b7c895310363f310361e0fe2072af85269d2a2a285cd04c0c59e79a5e3670dcf", size = 629603, upload-time = "2026-07-22T12:43:43.456Z" },
    { url = "https://files.pythonhosted.org/packages/50/6d/0b14bb9db2989f32cd9fe7f76afedea01ee8bee3f87c07e69f24adfe7e63/greenlet-3.5.4-cp312-cp312-manylinux_2_24_x86_64.manylinux_2_28_x86_64.whl", hash = "sha256:f88193799d43dbf8c8a806d6405c9c52fe2af40bf75072a606357b33cc336c7f", size = 621541, upload-time = "2026-07-22T11:51:09.464Z" },
    { url = "https://files.pythonhosted.org/packages/57/6b/7c55ca72ef80d57c16c4a55210f82582622462dc4485799a30f4ec6f3372/greenlet-3.5.4-cp312-cp312-manylinux_2_39_riscv64.whl", hash = "sha256:13b980043cb1b3134e81ea469da1250ddcc6bfe6d245bbaa59168d9cdc8f228f", size = 432554, upload-time = "2026-07-22T12:39:51.379Z" },
    { url = "https://files.pythonhosted.org/packages/48/3d/25e9a2d9eb6b2e8b7ca4e80a3a26cb887cce6c8e0a87c921164f11bc5574/greenlet-3.5.4-cp312-cp312-musllinux_1_2_aarch64.whl", hash = "sha256:b7a5f095767c4493afcd06067f2bb3b8716e3f3f9e92b99c88e7e99f885b3d4d", size = 1581444, upload-time = "2026-07-22T12:25:03.818Z" },
    { url = "https://files.pythonhosted.org/packages/b9/96/4c9bf2e2c408dcc0556edce69efa9f802e82223573c53240136a086821f1/greenlet-3.5.4-cp312-cp312-musllinux_1_2_x86_64.whl", hash = "sha256:42afdc1ab5f66da8c586c32af9224a74a706b4f0ea0dc3a4188a0860a09c65c9", size = 1645842, upload-time = "2026-07-22T11:51:12.295Z" },
    { url = "https://files.pythonhosted.org/packages/b5/41/303ecb26a3a56122c0f4d4073ee078881847bd6b6f463ae0ec57ec20223b/greenlet-3.5.4-cp312-cp312-win_amd64.whl", hash = "sha256:60149df8f462d1b230038e6590c23c3b4768bb5d6c022b3b6e82532b34b0b8a3", size = 247169, upload-time = "2026-07-22T11:38:19.893Z" },
    { url = "https://files.pythonhosted.org/packages/a4/e3/ef56864b4c35fcb3eb3b41b869f6cc46f4cd3f5e2c68e74acde8ac433951/greenlet-3.5.4-cp312-cp312-win_arm64.whl", hash = "sha256:77d6ce04fed0d9aeed42e0f37923cc43eba9b027bdd9c34546bb4ccd143d0fe0", size = 245565, upload-time = "2026-07-22T11:38:27.061Z" },
]

[[package]]
name = "playwright"
version = "1.60.0"
source = { registry = "https://pypi.org/simple" }
dependencies = [
    { name = "greenlet" },
    { name = "pyee" },
]
wheels = [
    { url = "https://files.pythonhosted.org/packages/21/f0/832bd9677194908da118064eef20082f2791e3d18215cc6d9391ee2c5a67/playwright-1.60.0-py3-none-macosx_10_13_x86_64.whl", hash = "sha256:6a8cd0fec171fb3089e95e898c8bc8a6f35dea0b78b399e12fcc19427e91b1d7", size = 43474635, upload-time = "2026-05-18T12:00:31.969Z" },
    { url = "https://files.pythonhosted.org/packages/59/7b/e1d32ae8a3ed937ec2be3721c5f728b13d731a0b7c6442e0b3bec5094ac0/playwright-1.60.0-py3-none-macosx_11_0_arm64.whl", hash = "sha256:39b5420ba6145045b69ced4c5c47d4d9fe5bddfc8ff816c518913afcb25ec7a5", size = 42261327, upload-time = "2026-05-18T12:00:35.638Z" },
    { url = "https://files.pythonhosted.org/packages/d7/bc/23de499ded6411c188a20c5a0dea6f0cd4ed5d2b3cc6042a5dbd3ed609aa/playwright-1.60.0-py3-none-macosx_11_0_universal2.whl", hash = "sha256:2581d0e6a3392c71f91b27460c7fd093356818dc430f48153896c8aeeaef7705", size = 43474636, upload-time = "2026-05-18T12:00:39.294Z" },
    { url = "https://files.pythonhosted.org/packages/22/7b/1d679f4fced4ea94efadd17103856d8c565384f68382a1681264e46f5925/playwright-1.60.0-py3-none-manylinux1_x86_64.whl", hash = "sha256:1c2bfae7884fb3fb05b853290eab8f343d524e5016f2f1def702acbbdf14c93e", size = 47467220, upload-time = "2026-05-18T12:00:43.179Z" },
    { url = "https://files.pythonhosted.org/packages/84/c2/1528d267d4442bd2c6b8eaeab819dd52c2030bf80e89293f0ba1f687473b/playwright-1.60.0-py3-none-manylinux_2_17_aarch64.manylinux2014_aarch64.whl", hash = "sha256:43e66564125ee31b07a58cefb21e256d62d67d8d1713e6858df7a3019d8ed353", size = 47154856, upload-time = "2026-05-18T12:00:46.715Z" },
    { url = "https://files.pythonhosted.org/packages/bb/4e/b008b6440a7a1624378041da94829956d4b8f7ab9ef5aad22d0dc3f2e26d/playwright-1.60.0-py3-none-win32.whl", hash = "sha256:ec94e416ea320711e0ad4bf185dcbf41833672961e90773e1885255d7db7b7e7", size = 37902157, upload-time = "2026-05-18T12:00:50.374Z" },
    { url = "https://files.pythonhosted.org/packages/55/f0/0541524133104f9cc20bf900870ff4a736b76a23483f3a55295ddfa58409/playwright-1.60.0-py3-none-win_amd64.whl", hash = "sha256:9566821ce6030a1f9e7146a24e19355ab0d98805fd0f9be50bb3d8fef1750c02", size = 37902159, upload-time = "2026-05-18T12:00:53.728Z" },
    { url = "https://files.pythonhosted.org/packages/80/c8/210f282d278e4709cdd71b12a31af45a30a22ab3207b387e29b37e478713/playwright-1.60.0-py3-none-win_arm64.whl", hash = "sha256:6e4f6700a4c2250efff8e690a81d66e3855754fb587b6b87cf5c784014f91537", size = 34037981, upload-time = "2026-05-18T12:00:57.584Z" },
]

[[package]]
name = "prometheus-client"
version = "0.26.0"
source = { registry = "https://pypi.org/simple" }
sdist = { url = "https://files.pythonhosted.org/packages/52/73/f1334c29c2af4cd9dba6c7817e61b611bd0215e2eb5565c6064a4de18802/prometheus_client-0.26.0.tar.gz", hash = "sha256:04a91bcf94e2cf74a44a1a874d651a2e853ed354b6e822f3b7487751465d5c2b", size = 92910, upload-time = "2026-07-24T19:36:41.893Z" }
wheels = [
    { url = "https://files.pythonhosted.org/packages/eb/a3/b69efbf4143b5b9859b977770bbbabcc2796b702fa69dc40271e45cd5a56/prometheus_client-0.26.0-py3-none-any.whl", hash = "sha256:fa93d06737aa02bacd05794768508bb97d2fbee28cb3bca04eaae92f0ca953d6", size = 64494, upload-time = "2026-07-24T19:36:40.854Z" },
]

[[package]]
name = "psycopg"
version = "3.3.4"
source = { registry = "https://pypi.org/simple" }
dependencies = [
    { name = "typing-extensions" },
    { name = "tzdata", marker = "sys_platform == 'win32'" },
]
sdist = { url = "https://files.pythonhosted.org/packages/db/2f/cb91e5502ec9de1de6f1b76cfbf69531932725361168bb06963620c77e2e/psycopg-3.3.4.tar.gz", hash = "sha256:e21207764952cff81b6b8bdacad9a3939f2793367fdac2987b3aac36a651b5bc", size = 165799, upload-time = "2026-05-01T23:31:55.179Z" }
wheels = [
    { url = "https://files.pythonhosted.org/packages/5c/e0/7b3dee031daae7743609ce3c746565d4a3ed7c2c186479eb48e34e838c64/psycopg-3.3.4-py3-none-any.whl", hash = "sha256:b6bbc25ccf05c8fad3b061d9db2ef0909a555171b84b07f29458a447253d679a", size = 213001, upload-time = "2026-05-01T23:20:50.816Z" },
]

[package.optional-dependencies]
binary = [
    { name = "psycopg-binary", marker = "implementation_name != 'pypy'" },
]

[[package]]
name = "psycopg-binary"
version = "3.3.4"
source = { registry = "https://pypi.org/simple" }
wheels = [
    { url = "https://files.pythonhosted.org/packages/95/7d/03818e13ba7f36de93573c93ee3482006d3dfa8b0f8d28df511bad0a1a92/psycopg_binary-3.3.4-cp312-cp312-macosx_10_13_x86_64.whl", hash = "sha256:5ab28a2a7649df3b72e6b674b4c190e448e8e77cf496a65bd846472048de2089", size = 4591122, upload-time = "2026-05-01T23:27:56.162Z" },
    { url = "https://files.pythonhosted.org/packages/a5/b9/11b341edf8d54e2694726b273fe9652b254d989f4f63e3ac6816ad6b55f4/psycopg_binary-3.3.4-cp312-cp312-macosx_11_0_arm64.whl", hash = "sha256:6402a9d8146cf4b3974ded3fd28a971e83dc6a0333eb7822524a3aa20b546578", size = 4669943, upload-time = "2026-05-01T23:28:04.522Z" },
    { url = "https://files.pythonhosted.org/packages/8b/18/4665bacd65e7865b4372fcd8abb8b9186ada4b0025f8c2ca691b364a556c/psycopg_binary-3.3.4-cp312-cp312-manylinux2014_ppc64le.manylinux_2_17_ppc64le.whl", hash = "sha256:580ae30a5f95ccd90008ec697d3ed6a4a2047a516407ad904283fa42086936e9", size = 5469697, upload-time = "2026-05-01T23:28:11.337Z" },
    { url = "https://files.pythonhosted.org/packages/7c/b1/b83136c6e510593d9b0c759ba5384337bc4ad82d19fda675adc4b2703c84/psycopg_binary-3.3.4-cp312-cp312-manylinux2014_x86_64.manylinux_2_17_x86_64.whl", hash = "sha256:e7510c37550f91a187e3660a8cc50d4b760f8c3b8b2f89ebc5698cd2c7f2c85d", size = 5152995, upload-time = "2026-05-01T23:28:20.529Z" },
    { url = "https://files.pythonhosted.org/packages/67/8d/a9821e2a648afe6091989929982a3b0f00b2631a859cb81379728f08fb75/psycopg_binary-3.3.4-cp312-cp312-manylinux_2_27_aarch64.manylinux_2_28_aarch64.whl", hash = "sha256:77df19583501ea288eaf15ac0fe7ad01e6d8091a91d5c41df5c718f307d8e31b", size = 6738180, upload-time = "2026-05-01T23:28:30.654Z" },
    { url = "https://files.pythonhosted.org/packages/7e/58/2e349e8d23905dc2317b80ac65f48fb6f821a4777a4e994a60da91c4850f/psycopg_binary-3.3.4-cp312-cp312-manylinux_2_38_riscv64.manylinux_2_39_riscv64.whl", hash = "sha256:018fbed325936da502feb546642c982dcc4b9ffdea32dfef78dbf3b7f7ad4070", size = 4978828, upload-time = "2026-05-01T23:28:37.277Z" },
    { url = "https://files.pythonhosted.org/packages/45/48/57b00d03b4721878326122a1f1e6b0a90b85bcaec56b5b2f8ea6cfa45235/psycopg_binary-3.3.4-cp312-cp312-musllinux_1_2_aarch64.whl", hash = "sha256:17a21953a9e5ff3a16dab692625a3676e2f101db5e40072f39dbee2250194d68", size = 4509757, upload-time = "2026-05-01T23:28:43.078Z" },
    { url = "https://files.pythonhosted.org/packages/25/37/33b47d8c007df69aec500df5889767c4d313748e8e9e27a2fef8a6dabcee/psycopg_binary-3.3.4-cp312-cp312-musllinux_1_2_ppc64le.whl", hash = "sha256:eb05ee1c2b817d27c537333224c9e83c7afb86fe7296ba970990068baf819b16", size = 4190546, upload-time = "2026-05-01T23:28:50.016Z" },
    { url = "https://files.pythonhosted.org/packages/ca/c6/32b0835dbc2122617902b649d76a91c1e75406e76bf3d595b0c3bb5ffad6/psycopg_binary-3.3.4-cp312-cp312-musllinux_1_2_riscv64.whl", hash = "sha256:773d573e11f437ce0bdb95b7c18dc58390494f96d43f8b45b9760436114f7652", size = 3926197, upload-time = "2026-05-01T23:28:55.55Z" },
    { url = "https://files.pythonhosted.org/packages/cd/68/d190ef0c0c5b16ded07831dabc8ddd412f4cdab07ec6e30ed38d9bda0e1f/psycopg_binary-3.3.4-cp312-cp312-musllinux_1_2_x86_64.whl", hash = "sha256:71e55ccbdfae79a2ed9c6369c3008a3025817ff9d7e27b32a2d84e2a4267e66e", size = 4236627, upload-time = "2026-05-01T23:29:05.336Z" },
    { url = "https://files.pythonhosted.org/packages/25/8f/81dcbc2e8454b74d14881275ea45f00791052dac531a9fa8be1730d1685b/psycopg_binary-3.3.4-cp312-cp312-win_amd64.whl", hash = "sha256:494ca54901be8cf9eb7e02c25b731f2317c378efa44f43e8f9bd0e1184ae7be4", size = 3560782, upload-time = "2026-05-01T23:29:11.967Z" },
]

[[package]]
name = "pycparser"
version = "3.0"
source = { registry = "https://pypi.org/simple" }
sdist = { url = "https://files.pythonhosted.org/packages/1b/7d/92392ff7815c21062bea51aa7b87d45576f649f16458d78b7cf94b9ab2e6/pycparser-3.0.tar.gz", hash = "sha256:600f49d217304a5902ac3c37e1281c9fe94e4d0489de643a9504c5cdfdfc6b29", size = 103492, upload-time = "2026-01-21T14:26:51.89Z" }
wheels = [
    { url = "https://files.pythonhosted.org/packages/0c/c3/44f3fbbfa403ea2a7c779186dc20772604442dde72947e7d01069cbe98e3/pycparser-3.0-py3-none-any.whl", hash = "sha256:b727414169a36b7d524c1c3e31839a521725078d7b2ff038656844266160a992", size = 48172, upload-time = "2026-01-21T14:26:50.693Z" },
]

[[package]]
name = "pyee"
version = "13.0.1"
source = { registry = "https://pypi.org/simple" }
dependencies = [
    { name = "typing-extensions" },
]
sdist = { url = "https://files.pythonhosted.org/packages/8b/04/e7c1fe4dc78a6fdbfd6c337b1c3732ff543b8a397683ab38378447baa331/pyee-13.0.1.tar.gz", hash = "sha256:0b931f7c14535667ed4c7e0d531716368715e860b988770fc7eb8578d1f67fc8", size = 31655, upload-time = "2026-02-14T21:12:28.044Z" }
wheels = [
    { url = "https://files.pythonhosted.org/packages/a0/c4/b4d4827c93ef43c01f599ef31453ccc1c132b353284fc6c87d535c233129/pyee-13.0.1-py3-none-any.whl", hash = "sha256:af2f8fede4171ef667dfded53f96e2ed0d6e6bd7ee3bb46437f77e3b57689228", size = 15659, upload-time = "2026-02-14T21:12:26.263Z" },
]

[[package]]
name = "redis"
version = "6.4.0"
source = { registry = "https://pypi.org/simple" }
sdist = { url = "https://files.pythonhosted.org/packages/0d/d6/e8b92798a5bd67d659d51a18170e91c16ac3b59738d91894651ee255ed49/redis-6.4.0.tar.gz", hash = "sha256:b01bc7282b8444e28ec36b261df5375183bb47a07eb9c603f284e89cbc5ef010", size = 4647399, upload-time = "2025-08-07T08:10:11.441Z" }
wheels = [
    { url = "https://files.pythonhosted.org/packages/e8/02/89e2ed7e85db6c93dfa9e8f691c5087df4e3551ab39081a4d7c6d1f90e05/redis-6.4.0-py3-none-any.whl", hash = "sha256:f0544fa9604264e9464cdf4814e7d4830f74b165d52f2a330a760a88dd248b7f", size = 279847, upload-time = "2025-08-07T08:10:09.84Z" },
]

[[package]]
name = "typing-extensions"
version = "4.16.0"
source = { registry = "https://pypi.org/simple" }
sdist = { url = "https://files.pythonhosted.org/packages/f6/cc/6253133b5bb138fc3306cebfbda2c520f545d36b5be2c7255cc528bb45d6/typing_extensions-4.16.0.tar.gz", hash = "sha256:dc983d19a509c94dba722ee6abd33940f7c05a89e243c47e907eb4db6f1a43e5", size = 113555, upload-time = "2026-07-02T08:40:05.92Z" }
wheels = [
    { url = "https://files.pythonhosted.org/packages/49/d3/b8441a820a491ddfc024b0b0cf0393375b75ea13866d9c66727e54c2fc80/typing_extensions-4.16.0-py3-none-any.whl", hash = "sha256:481caa481374e813c1b176ada14e97f1f67a4539ce9cfeb3f350d78d6370c2e8", size = 45571, upload-time = "2026-07-02T08:40:04.659Z" },
]

[[package]]
name = "tzdata"
version = "2026.3"
source = { registry = "https://pypi.org/simple" }
sdist = { url = "https://files.pythonhosted.org/packages/92/ff/5a28bdfd8c3ebec42564ac7d0e54ca3db65044a9314a97f9564fa7a1e926/tzdata-2026.3.tar.gz", hash = "sha256:4a1518b8993086a7982523e071643f3c0e5f213e75b21318e78bcabfff9d1415", size = 198674, upload-time = "2026-07-10T08:50:37.887Z" }
wheels = [
    { url = "https://files.pythonhosted.org/packages/e5/6d/b53b99a9f2766d095985947a5782f1702cabb129a34f7a802d7197af832f/tzdata-2026.3-py2.py3-none-any.whl", hash = "sha256:dc096730c87af6cab1b171c9d532be840741ff5d459015e7f6947bd7d7e54931", size = 348168, upload-time = "2026-07-10T08:50:36.46Z" },
]
